
Microsoft Visual Studio Solution File, Format Version 11.00
# Visual Studio 2010
Project("{FAE04EC0-301F-11D3-BF4B-00C04F79EFBC}") = "Assembly-CSharp", "Assembly-CSharp.csproj", "{4b5b7516-e767-4840-984a-87d60210dc25}"
EndProject
Project("{FAE04EC0-301F-11D3-BF4B-00C04F79EFBC}") = "Assembly-CSharp-Editor", "Assembly-CSharp-Editor.csproj", "{b57acbc7-43c2-a9a0-2c5c-4cb434eed3e3}"
EndProject
Global
	GlobalSection(SolutionConfigurationPlatforms) = preSolution
		Debug|Any CPU = Debug|Any CPU
	EndGlobalSection
	GlobalSection(ProjectConfigurationPlatforms) = postSolution
		{4b5b7516-e767-4840-984a-87d60210dc25}.Debug|Any CPU.ActiveCfg = Debug|Any CPU
		{4b5b7516-e767-4840-984a-87d60210dc25}.Debug|Any CPU.Build.0 = Debug|Any CPU
		{b57acbc7-43c2-a9a0-2c5c-4cb434eed3e3}.Debug|Any CPU.ActiveCfg = Debug|Any CPU
		{b57acbc7-43c2-a9a0-2c5c-4cb434eed3e3}.Debug|Any CPU.Build.0 = Debug|Any CPU
	EndGlobalSection
	GlobalSection(SolutionProperties) = preSolution
		HideSolutionNode = FALSE
	EndGlobalSection
EndGlobal
